
Microsoft Visual Studio Solution File, Format Version 12.00
# Visual Studio Version 17
Project("{8BC9CEB8-8B4A-11D0-8D11-00A0C91BC942}") = "ModernOpenGL", "Project\ModernOpenGL.vcxproj", "{0F218477-FB83-131C-A409-4CD2904BDF9E}"
	ProjectSection(ProjectDependencies) = postProject
		{EFAC8DF2-5B8C-0C8E-64A4-9764D00273EF} = {EFAC8DF2-5B8C-0C8E-64A4-9764D00273EF}
	EndProjectSection
EndProject
Project("{FAE04EC0-301F-11D3-BF4B-00C04F79EFBC}") = "ClassLibrary", "Project\ClassLibrary.csproj", "{1052503F-FCB4-DFE3-A53A-189A917CAB66}"
EndProject
Project("{2150E333-8FDC-42A3-9474-1A3956D46DE8}") = "Dependencies", "Dependencies", "{53E47842-3FC8-3998-A828-34EB942B241A}"
EndProject
Project("{8BC9CEB8-8B4A-11D0-8D11-00A0C91BC942}") = "Glad", "Glad.vcxproj", "{BDD6857C-A90D-870D-52FA-6C103E10030F}"
EndProject
Project("{8BC9CEB8-8B4A-11D0-8D11-00A0C91BC942}") = "ImGui", "ThirdParty\Project\ImGui.vcxproj", "{C0FF640D-2C14-8DBE-F595-301E616989EF}"
EndProject
Project("{8BC9CEB8-8B4A-11D0-8D11-00A0C91BC942}") = "MonoTest", "Project\MonoTest.vcxproj", "{3E8BA0F4-2A58-FBFF-5371-E9A73F9D308E}"
	ProjectSection(ProjectDependencies) = postProject
		{1052503F-FCB4-DFE3-A53A-189A917CAB66} = {1052503F-FCB4-DFE3-A53A-189A917CAB66}
	EndProjectSection
EndProject
Project("{8BC9CEB8-8B4A-11D0-8D11-00A0C91BC942}") = "Shaders", "Assets\Shaders\Shaders.vcxproj", "{EFAC8DF2-5B8C-0C8E-64A4-9764D00273EF}"
EndProject
Global
	GlobalSection(SolutionConfigurationPlatforms) = preSolution
		Debug|x64 = Debug|x64
		Debug|x86 = Debug|x86
		Release|x64 = Release|x64
		Release|x86 = Release|x86
	EndGlobalSection
	GlobalSection(ProjectConfigurationPlatforms) = postSolution
		{0F218477-FB83-131C-A409-4CD2904BDF9E}.Debug|x64.ActiveCfg = Debug|x64
		{0F218477-FB83-131C-A409-4CD2904BDF9E}.Debug|x64.Build.0 = Debug|x64
		{0F218477-FB83-131C-A409-4CD2904BDF9E}.Debug|x86.ActiveCfg = Debug|Win32
		{0F218477-FB83-131C-A409-4CD2904BDF9E}.Debug|x86.Build.0 = Debug|Win32
		{0F218477-FB83-131C-A409-4CD2904BDF9E}.Release|x64.ActiveCfg = Release|x64
		{0F218477-FB83-131C-A409-4CD2904BDF9E}.Release|x64.Build.0 = Release|x64
		{0F218477-FB83-131C-A409-4CD2904BDF9E}.Release|x86.ActiveCfg = Release|Win32
		{0F218477-FB83-131C-A409-4CD2904BDF9E}.Release|x86.Build.0 = Release|Win32
		{1052503F-FCB4-DFE3-A53A-189A917CAB66}.Debug|x64.ActiveCfg = Debug|x64
		{1052503F-FCB4-DFE3-A53A-189A917CAB66}.Debug|x64.Build.0 = Debug|x64
		{1052503F-FCB4-DFE3-A53A-189A917CAB66}.Debug|x86.ActiveCfg = Debug|x86
		{1052503F-FCB4-DFE3-A53A-189A917CAB66}.Debug|x86.Build.0 = Debug|x86
		{1052503F-FCB4-DFE3-A53A-189A917CAB66}.Release|x64.ActiveCfg = Release|x64
		{1052503F-FCB4-DFE3-A53A-189A917CAB66}.Release|x64.Build.0 = Release|x64
		{1052503F-FCB4-DFE3-A53A-189A917CAB66}.Release|x86.ActiveCfg = Release|x86
		{1052503F-FCB4-DFE3-A53A-189A917CAB66}.Release|x86.Build.0 = Release|x86
		{BDD6857C-A90D-870D-52FA-6C103E10030F}.Debug|x64.ActiveCfg = Debug|x64
		{BDD6857C-A90D-870D-52FA-6C103E10030F}.Debug|x64.Build.0 = Debug|x64
		{BDD6857C-A90D-870D-52FA-6C103E10030F}.Debug|x86.ActiveCfg = Debug|Win32
		{BDD6857C-A90D-870D-52FA-6C103E10030F}.Debug|x86.Build.0 = Debug|Win32
		{BDD6857C-A90D-870D-52FA-6C103E10030F}.Release|x64.ActiveCfg = Release|x64
		{BDD6857C-A90D-870D-52FA-6C103E10030F}.Release|x64.Build.0 = Release|x64
		{BDD6857C-A90D-870D-52FA-6C103E10030F}.Release|x86.ActiveCfg = Release|Win32
		{BDD6857C-A90D-870D-52FA-6C103E10030F}.Release|x86.Build.0 = Release|Win32
		{C0FF640D-2C14-8DBE-F595-301E616989EF}.Debug|x64.ActiveCfg = Debug|x64
		{C0FF640D-2C14-8DBE-F595-301E616989EF}.Debug|x64.Build.0 = Debug|x64
		{C0FF640D-2C14-8DBE-F595-301E616989EF}.Debug|x86.ActiveCfg = Debug|Win32
		{C0FF640D-2C14-8DBE-F595-301E616989EF}.Debug|x86.Build.0 = Debug|Win32
		{C0FF640D-2C14-8DBE-F595-301E616989EF}.Release|x64.ActiveCfg = Release|x64
		{C0FF640D-2C14-8DBE-F595-301E616989EF}.Release|x64.Build.0 = Release|x64
		{C0FF640D-2C14-8DBE-F595-301E616989EF}.Release|x86.ActiveCfg = Release|Win32
		{C0FF640D-2C14-8DBE-F595-301E616989EF}.Release|x86.Build.0 = Release|Win32
		{3E8BA0F4-2A58-FBFF-5371-E9A73F9D308E}.Debug|x64.ActiveCfg = Debug|x64
		{3E8BA0F4-2A58-FBFF-5371-E9A73F9D308E}.Debug|x64.Build.0 = Debug|x64
		{3E8BA0F4-2A58-FBFF-5371-E9A73F9D308E}.Debug|x86.ActiveCfg = Debug|Win32
		{3E8BA0F4-2A58-FBFF-5371-E9A73F9D308E}.Debug|x86.Build.0 = Debug|Win32
		{3E8BA0F4-2A58-FBFF-5371-E9A73F9D308E}.Release|x64.ActiveCfg = Release|x64
		{3E8BA0F4-2A58-FBFF-5371-E9A73F9D308E}.Release|x64.Build.0 = Release|x64
		{3E8BA0F4-2A58-FBFF-5371-E9A73F9D308E}.Release|x86.ActiveCfg = Release|Win32
		{3E8BA0F4-2A58-FBFF-5371-E9A73F9D308E}.Release|x86.Build.0 = Release|Win32
		{EFAC8DF2-5B8C-0C8E-64A4-9764D00273EF}.Debug|x64.ActiveCfg = Debug|x64
		{EFAC8DF2-5B8C-0C8E-64A4-9764D00273EF}.Debug|x64.Build.0 = Debug|x64
		{EFAC8DF2-5B8C-0C8E-64A4-9764D00273EF}.Debug|x86.ActiveCfg = Debug|Win32
		{EFAC8DF2-5B8C-0C8E-64A4-9764D00273EF}.Debug|x86.Build.0 = Debug|Win32
		{EFAC8DF2-5B8C-0C8E-64A4-9764D00273EF}.Release|x64.ActiveCfg = Release|x64
		{EFAC8DF2-5B8C-0C8E-64A4-9764D00273EF}.Release|x64.Build.0 = Release|x64
		{EFAC8DF2-5B8C-0C8E-64A4-9764D00273EF}.Release|x86.ActiveCfg = Release|Win32
		{EFAC8DF2-5B8C-0C8E-64A4-9764D00273EF}.Release|x86.Build.0 = Release|Win32
	EndGlobalSection
	GlobalSection(SolutionProperties) = preSolution
		HideSolutionNode = FALSE
	EndGlobalSection
	GlobalSection(NestedProjects) = preSolution
		{BDD6857C-A90D-870D-52FA-6C103E10030F} = {53E47842-3FC8-3998-A828-34EB942B241A}
		{C0FF640D-2C14-8DBE-F595-301E616989EF} = {53E47842-3FC8-3998-A828-34EB942B241A}
	EndGlobalSection
EndGlobal
