<?xml version="1.0" encoding="utf-8"?>
<Project ToolsVersion="4.0" xmlns="http://schemas.microsoft.com/developer/msbuild/2003">
  <ItemGroup>
    <Filter Include="Headers">
      <UniqueIdentifier>{C196CD9C-2D76-4C38-368E-D70EA2ECB299}</UniqueIdentifier>
    </Filter>
    <Filter Include="Sources">
      <UniqueIdentifier>{89565304-F535-D29F-FE4D-5D766AAC3801}</UniqueIdentifier>
    </Filter>
  </ItemGroup>
  <ItemGroup>
    <ClInclude Include="..\src\Application.h">
      <Filter>Headers</Filter>
    </ClInclude>
    <ClInclude Include="..\src\ComputeShader.h">
      <Filter>Headers</Filter>
    </ClInclude>
    <ClInclude Include="..\src\Log.h">
      <Filter>Headers</Filter>
    </ClInclude>
    <ClInclude Include="..\src\Model.h">
      <Filter>Headers</Filter>
    </ClInclude>
    <ClInclude Include="..\src\Random.h">
      <Filter>Headers</Filter>
    </ClInclude>
    <ClInclude Include="..\src\Texture.h">
      <Filter>Headers</Filter>
    </ClInclude>
    <ClInclude Include="..\src\Utils\GeometryGenerator.h">
      <Filter>Headers</Filter>
    </ClInclude>
    <ClInclude Include="..\src\Utils\glDebug.h">
      <Filter>Headers</Filter>
    </ClInclude>
    <ClInclude Include="..\src\Utils\root_directory.h">
      <Filter>Headers</Filter>
    </ClInclude>
    <ClInclude Include="..\src\VertexBufferObject.h">
      <Filter>Headers</Filter>
    </ClInclude>
    <ClInclude Include="..\src\VertexBufferObjectIndexed.h">
      <Filter>Headers</Filter>
    </ClInclude>
    <ClInclude Include="..\src\learnopengl\Shader.h">
      <Filter>Headers</Filter>
    </ClInclude>
    <ClInclude Include="..\src\learnopengl\animation.h">
      <Filter>Headers</Filter>
    </ClInclude>
    <ClInclude Include="..\src\learnopengl\animator.h">
      <Filter>Headers</Filter>
    </ClInclude>
    <ClInclude Include="..\src\learnopengl\animdata.h">
      <Filter>Headers</Filter>
    </ClInclude>
    <ClInclude Include="..\src\learnopengl\assimp_glm_helpers.h">
      <Filter>Headers</Filter>
    </ClInclude>
    <ClInclude Include="..\src\learnopengl\bone.h">
      <Filter>Headers</Filter>
    </ClInclude>
    <ClInclude Include="..\src\learnopengl\camera.h">
      <Filter>Headers</Filter>
    </ClInclude>
    <ClInclude Include="..\src\learnopengl\entity.h">
      <Filter>Headers</Filter>
    </ClInclude>
    <ClInclude Include="..\src\learnopengl\filesystem.h">
      <Filter>Headers</Filter>
    </ClInclude>
    <ClInclude Include="..\src\learnopengl\mesh.h">
      <Filter>Headers</Filter>
    </ClInclude>
    <ClInclude Include="..\src\learnopengl\model.h">
      <Filter>Headers</Filter>
    </ClInclude>
    <ClInclude Include="..\src\learnopengl\model_animation.h">
      <Filter>Headers</Filter>
    </ClInclude>
  </ItemGroup>
  <ItemGroup>
    <ClCompile Include="..\ThirdParty\GLAD\glad.c">
      <Filter>Sources</Filter>
    </ClCompile>
    <ClCompile Include="..\src\Application.cpp">
      <Filter>Sources</Filter>
    </ClCompile>
    <ClCompile Include="..\src\ComputeShader.cpp">
      <Filter>Sources</Filter>
    </ClCompile>
    <ClCompile Include="..\src\ImGui\ImGuiBuild.cpp">
      <Filter>Sources</Filter>
    </ClCompile>
    <ClCompile Include="..\src\Log.cpp">
      <Filter>Sources</Filter>
    </ClCompile>
    <ClCompile Include="..\src\Main.cpp">
      <Filter>Sources</Filter>
    </ClCompile>
    <ClCompile Include="..\src\Model.cpp">
      <Filter>Sources</Filter>
    </ClCompile>
    <ClCompile Include="..\src\Random.cpp">
      <Filter>Sources</Filter>
    </ClCompile>
    <ClCompile Include="..\src\Texture.cpp">
      <Filter>Sources</Filter>
    </ClCompile>
    <ClCompile Include="..\src\Utils\GeometryGenerator.cpp">
      <Filter>Sources</Filter>
    </ClCompile>
    <ClCompile Include="..\src\Utils\glDebug.cpp">
      <Filter>Sources</Filter>
    </ClCompile>
    <ClCompile Include="..\src\VertexBufferObject.cpp">
      <Filter>Sources</Filter>
    </ClCompile>
    <ClCompile Include="..\src\VertexBufferObjectIndexed.cpp">
      <Filter>Sources</Filter>
    </ClCompile>
  </ItemGroup>
</Project>