<?xml version="1.0" encoding="utf-8"?>
<Project ToolsVersion="4.0" xmlns="http://schemas.microsoft.com/developer/msbuild/2003">
  <ItemGroup>
    <Filter Include="Core">
      <UniqueIdentifier>{2EB4837C-1AEB-840D-C3D7-6A10AFED000F}</UniqueIdentifier>
    </Filter>
    <Filter Include="Events">
      <UniqueIdentifier>{3A8963B1-262B-8E87-0FE6-A1DBFB2615D8}</UniqueIdentifier>
    </Filter>
    <Filter Include="ImGui">
      <UniqueIdentifier>{C0FF640D-2C14-8DBE-F595-301E616989EF}</UniqueIdentifier>
    </Filter>
    <Filter Include="Renderer">
      <UniqueIdentifier>{7CCE658F-689B-C09A-91B4-AE427DE0F528}</UniqueIdentifier>
    </Filter>
    <Filter Include="Test">
      <UniqueIdentifier>{45DC8C7C-3113-8E0D-DAFF-7310C6150A0F}</UniqueIdentifier>
    </Filter>
    <Filter Include="Utils">
      <UniqueIdentifier>{F68B420E-62A0-6ABF-2B22-0E1F97F566F0}</UniqueIdentifier>
    </Filter>
    <Filter Include="learnopengl">
      <UniqueIdentifier>{FCD3BF3D-6889-3833-F17D-320A5D322F37}</UniqueIdentifier>
    </Filter>
  </ItemGroup>
  <ItemGroup>
    <ClInclude Include="..\src\AriaPCH.h" />
    <ClInclude Include="..\src\Core\Application.h">
      <Filter>Core</Filter>
    </ClInclude>
    <ClInclude Include="..\src\Core\Core.h">
      <Filter>Core</Filter>
    </ClInclude>
    <ClInclude Include="..\src\Core\Log.h">
      <Filter>Core</Filter>
    </ClInclude>
    <ClInclude Include="..\src\Core\Window.h">
      <Filter>Core</Filter>
    </ClInclude>
    <ClInclude Include="..\src\Events\ApplicationEvent.h">
      <Filter>Events</Filter>
    </ClInclude>
    <ClInclude Include="..\src\Events\Event.h">
      <Filter>Events</Filter>
    </ClInclude>
    <ClInclude Include="..\src\Events\KeyEvent.h">
      <Filter>Events</Filter>
    </ClInclude>
    <ClInclude Include="..\src\Events\MouseEvent.h">
      <Filter>Events</Filter>
    </ClInclude>
    <ClInclude Include="..\src\ImGui\ImGuiLayer.h">
      <Filter>ImGui</Filter>
    </ClInclude>
    <ClInclude Include="..\src\Renderer\ComputeShader.h">
      <Filter>Renderer</Filter>
    </ClInclude>
    <ClInclude Include="..\src\Renderer\DepthCubeMap.h">
      <Filter>Renderer</Filter>
    </ClInclude>
    <ClInclude Include="..\src\Renderer\DepthTexture.h">
      <Filter>Renderer</Filter>
    </ClInclude>
    <ClInclude Include="..\src\Renderer\Model.h">
      <Filter>Renderer</Filter>
    </ClInclude>
    <ClInclude Include="..\src\Renderer\OpenGLRenderer.h">
      <Filter>Renderer</Filter>
    </ClInclude>
    <ClInclude Include="..\src\Renderer\RenderTexture.h">
      <Filter>Renderer</Filter>
    </ClInclude>
    <ClInclude Include="..\src\Renderer\Shader.h">
      <Filter>Renderer</Filter>
    </ClInclude>
    <ClInclude Include="..\src\Renderer\Texture.h">
      <Filter>Renderer</Filter>
    </ClInclude>
    <ClInclude Include="..\src\Renderer\Vertex.h">
      <Filter>Renderer</Filter>
    </ClInclude>
    <ClInclude Include="..\src\Renderer\VertexArrayObject.h">
      <Filter>Renderer</Filter>
    </ClInclude>
    <ClInclude Include="..\src\Renderer\VertexBufferLayout.h">
      <Filter>Renderer</Filter>
    </ClInclude>
    <ClInclude Include="..\src\Renderer\VertexBufferObject.h">
      <Filter>Renderer</Filter>
    </ClInclude>
    <ClInclude Include="..\src\Renderer\VertexBufferObjectIndexed.h">
      <Filter>Renderer</Filter>
    </ClInclude>
    <ClInclude Include="..\src\Test\Test.h">
      <Filter>Test</Filter>
    </ClInclude>
    <ClInclude Include="..\src\Test\TestClearColor.h">
      <Filter>Test</Filter>
    </ClInclude>
    <ClInclude Include="..\src\Test\TestTexture.h">
      <Filter>Test</Filter>
    </ClInclude>
    <ClInclude Include="..\src\Utils\Camera.h">
      <Filter>Utils</Filter>
    </ClInclude>
    <ClInclude Include="..\src\Utils\GeometryGenerator.h">
      <Filter>Utils</Filter>
    </ClInclude>
    <ClInclude Include="..\src\Utils\Random.h">
      <Filter>Utils</Filter>
    </ClInclude>
    <ClInclude Include="..\src\Utils\glDebug.h">
      <Filter>Utils</Filter>
    </ClInclude>
    <ClInclude Include="..\src\Utils\root_directory.h">
      <Filter>Utils</Filter>
    </ClInclude>
    <ClInclude Include="..\src\learnopengl\Shader.h">
      <Filter>learnopengl</Filter>
    </ClInclude>
    <ClInclude Include="..\src\learnopengl\animation.h">
      <Filter>learnopengl</Filter>
    </ClInclude>
    <ClInclude Include="..\src\learnopengl\animator.h">
      <Filter>learnopengl</Filter>
    </ClInclude>
    <ClInclude Include="..\src\learnopengl\animdata.h">
      <Filter>learnopengl</Filter>
    </ClInclude>
    <ClInclude Include="..\src\learnopengl\assimp_glm_helpers.h">
      <Filter>learnopengl</Filter>
    </ClInclude>
    <ClInclude Include="..\src\learnopengl\bone.h">
      <Filter>learnopengl</Filter>
    </ClInclude>
    <ClInclude Include="..\src\learnopengl\camera.h">
      <Filter>learnopengl</Filter>
    </ClInclude>
    <ClInclude Include="..\src\learnopengl\entity.h">
      <Filter>learnopengl</Filter>
    </ClInclude>
    <ClInclude Include="..\src\learnopengl\filesystem.h">
      <Filter>learnopengl</Filter>
    </ClInclude>
    <ClInclude Include="..\src\learnopengl\mesh.h">
      <Filter>learnopengl</Filter>
    </ClInclude>
    <ClInclude Include="..\src\learnopengl\model.h">
      <Filter>learnopengl</Filter>
    </ClInclude>
    <ClInclude Include="..\src\learnopengl\model_animation.h">
      <Filter>learnopengl</Filter>
    </ClInclude>
  </ItemGroup>
  <ItemGroup>
    <ClCompile Include="..\src\AriaPCH.cpp" />
    <ClCompile Include="..\src\Core\Application.cpp">
      <Filter>Core</Filter>
    </ClCompile>
    <ClCompile Include="..\src\Core\Log.cpp">
      <Filter>Core</Filter>
    </ClCompile>
    <ClCompile Include="..\src\ImGui\ImGuiBuild.cpp">
      <Filter>ImGui</Filter>
    </ClCompile>
    <ClCompile Include="..\src\ImGui\ImGuiLayer.cpp">
      <Filter>ImGui</Filter>
    </ClCompile>
    <ClCompile Include="..\src\Main.cpp" />
    <ClCompile Include="..\src\Renderer\ComputeShader.cpp">
      <Filter>Renderer</Filter>
    </ClCompile>
    <ClCompile Include="..\src\Renderer\DepthCubeMap.cpp">
      <Filter>Renderer</Filter>
    </ClCompile>
    <ClCompile Include="..\src\Renderer\DepthTexture.cpp">
      <Filter>Renderer</Filter>
    </ClCompile>
    <ClCompile Include="..\src\Renderer\Model.cpp">
      <Filter>Renderer</Filter>
    </ClCompile>
    <ClCompile Include="..\src\Renderer\OpenGLRenderer.cpp">
      <Filter>Renderer</Filter>
    </ClCompile>
    <ClCompile Include="..\src\Renderer\RenderTexture.cpp">
      <Filter>Renderer</Filter>
    </ClCompile>
    <ClCompile Include="..\src\Renderer\Texture.cpp">
      <Filter>Renderer</Filter>
    </ClCompile>
    <ClCompile Include="..\src\Renderer\VertexArrayObject.cpp">
      <Filter>Renderer</Filter>
    </ClCompile>
    <ClCompile Include="..\src\Renderer\VertexBufferLayout.cpp">
      <Filter>Renderer</Filter>
    </ClCompile>
    <ClCompile Include="..\src\Renderer\VertexBufferObject.cpp">
      <Filter>Renderer</Filter>
    </ClCompile>
    <ClCompile Include="..\src\Renderer\VertexBufferObjectIndexed.cpp">
      <Filter>Renderer</Filter>
    </ClCompile>
    <ClCompile Include="..\src\Test\Test.cpp">
      <Filter>Test</Filter>
    </ClCompile>
    <ClCompile Include="..\src\Test\TestClearColor.cpp">
      <Filter>Test</Filter>
    </ClCompile>
    <ClCompile Include="..\src\Test\TestTexture.cpp">
      <Filter>Test</Filter>
    </ClCompile>
    <ClCompile Include="..\src\Utils\GeometryGenerator.cpp">
      <Filter>Utils</Filter>
    </ClCompile>
    <ClCompile Include="..\src\Utils\Random.cpp">
      <Filter>Utils</Filter>
    </ClCompile>
    <ClCompile Include="..\src\Utils\glDebug.cpp">
      <Filter>Utils</Filter>
    </ClCompile>
  </ItemGroup>
</Project>